version = 1
revision = 3
requires-python = ">=3.14"

[[package]]
name = "menagerist-versioning"
version = "0.1.0"
source = { editable = "." }
dependencies = [
    { name = "setuptools-scm" },
]

[package.metadata]
requires-dist = [{ name = "setuptools-scm", specifier = ">=8" }]

[[package]]
name = "packaging"
version = "26.0"
source = { registry = "https://pypi.org/simple" }
sdist = { url = "https://files.pythonhosted.org/packages/65/ee/299d360cdc32edc7d2cf530f3accf79c4fca01e96ffc950d8a52213bd8e4/packaging-26.0.tar.gz", hash = "sha256:00243ae351a257117b6a241061796684b084ed1c516a08c48a3f7e147a9d80b4", size = 143416, upload-time = "2026-01-21T20:50:39.064Z" }
wheels = [
    { url = "https://files.pythonhosted.org/packages/b7/b9/c538f279a4e237a006a2c98387d081e9eb060d203d8ed34467cc0f0b9b53/packaging-26.0-py3-none-any.whl", hash = "sha256:b36f1fef9334a5588b4166f8bcd26a14e521f2b55e6b9de3aaa80d3ff7a37529", size = 74366, upload-time = "2026-01-21T20:50:37.788Z" },
]

[[package]]
name = "setuptools"
version = "82.0.1"
source = { registry = "https://pypi.org/simple" }
sdist = { url = "https://files.pythonhosted.org/packages/4f/db/cfac1baf10650ab4d1c111714410d2fbb77ac5a616db26775db562c8fab2/setuptools-82.0.1.tar.gz", hash = "sha256:7d872682c5d01cfde07da7bccc7b65469d3dca203318515ada1de5eda35efbf9", size = 1152316, upload-time = "2026-03-09T12:47:17.221Z" }
wheels = [
    { url = "https://files.pythonhosted.org/packages/9d/76/f789f7a86709c6b087c5a2f52f911838cad707cc613162401badc665acfe/setuptools-82.0.1-py3-none-any.whl", hash = "sha256:a59e362652f08dcd477c78bb6e7bd9d80a7995bc73ce773050228a348ce2e5bb", size = 1006223, upload-time = "2026-03-09T12:47:15.026Z" },
]

[[package]]
name = "setuptools-scm"
version = "10.0.5"
source = { registry = "https://pypi.org/simple" }
dependencies = [
    { name = "packaging" },
    { name = "setuptools" },
    { name = "vcs-versioning" },
]
sdist = { url = "https://files.pythonhosted.org/packages/a5/b1/2a6a8ecd6f9e263754036a0b573360bdbd6873b595725e49e11139722041/setuptools_scm-10.0.5.tar.gz", hash = "sha256:bbba8fe754516cdefd017f4456721775e6ef9662bd7887fb52ae26813d4838c3", size = 56748, upload-time = "2026-03-27T15:57:05.751Z" }
wheels = [
    { url = "https://files.pythonhosted.org/packages/5c/e1/342c4434df56aa537f6ce7647eefee521d96fbb828b08acd709865767652/setuptools_scm-10.0.5-py3-none-any.whl", hash = "sha256:f611037d8aae618221503b8fa89319f073438252ae3420e01c9ceec249131a0a", size = 21695, upload-time = "2026-03-27T15:57:03.969Z" },
]

[[package]]
name = "vcs-versioning"
version = "1.1.1"
source = { registry = "https://pypi.org/simple" }
dependencies = [
    { name = "packaging" },
]
sdist = { url = "https://files.pythonhosted.org/packages/49/42/d97a7795055677961c63a1eef8e7b19d5968ed992ed3a70ab8eb012efad8/vcs_versioning-1.1.1.tar.gz", hash = "sha256:fabd75a3cab7dd8ac02fe24a3a9ba936bf258667b5a62ed468c9a1da0f5775bc", size = 97575, upload-time = "2026-03-27T20:42:41.613Z" }
wheels = [
    { url = "https://files.pythonhosted.org/packages/e6/60/73603fbcdbe5e803855bcce4414f94eaeed449083bd8183e67161af78188/vcs_versioning-1.1.1-py3-none-any.whl", hash = "sha256:b541e2ba79fc6aaa3850f8a7f88af43d97c1c80649c01142ee4146eddbc599e4", size = 79851, upload-time = "2026-03-27T20:42:40.45Z" },
]
